// !$*UTF8*$!
{
	archiveVersion = 1;
	classes = {
	};
	objectVersion = 50;
	objects = {

/* Begin PBXBuildFile section */
		D5149B52261D75F9005FFAB5 /* AppDelegate.swift in Sources */ = {isa = PBXBuildFile; fileRef = D5149B51261D75F9005FFAB5 /* AppDelegate.swift */; };
		D5149B5B261D75FC005FFAB5 /* Assets.xcassets in Resources */ = {isa = PBXBuildFile; fileRef = D5149B5A261D75FC005FFAB5 /* Assets.xcassets */; };
		D5149B5E261D75FC005FFAB5 /* LaunchScreen.storyboard in Resources */ = {isa = PBXBuildFile; fileRef = D5149B5C261D75FC005FFAB5 /* LaunchScreen.storyboard */; };
		D5149B68261D7632005FFAB5 /* Router.swift in Sources */ = {isa = PBXBuildFile; fileRef = D5149B67261D7632005FFAB5 /* Router.swift */; };
		D5149B6E261D76B7005FFAB5 /* AppCoordinator.swift in Sources */ = {isa = PBXBuildFile; fileRef = D5149B6D261D76B7005FFAB5 /* AppCoordinator.swift */; };
		D5149B71261D76CD005FFAB5 /* Coordinator.swift in Sources */ = {isa = PBXBuildFile; fileRef = D5149B70261D76CD005FFAB5 /* Coordinator.swift */; };
		D5149B77261D77FF005FFAB5 /* Screen.swift in Sources */ = {isa = PBXBuildFile; fileRef = D5149B76261D77FF005FFAB5 /* Screen.swift */; };
		D5149B7B261D7A13005FFAB5 /* TabBarController.swift in Sources */ = {isa = PBXBuildFile; fileRef = D5149B7A261D7A13005FFAB5 /* TabBarController.swift */; };
		D5149B87261D7BF7005FFAB5 /* HomeViewController.swift in Sources */ = {isa = PBXBuildFile; fileRef = D5149B85261D7BF7005FFAB5 /* HomeViewController.swift */; };
		D5149B88261D7BF7005FFAB5 /* HomeViewController.xib in Resources */ = {isa = PBXBuildFile; fileRef = D5149B86261D7BF7005FFAB5 /* HomeViewController.xib */; };
		D5149B8B261D7C7D005FFAB5 /* HomeViewModel.swift in Sources */ = {isa = PBXBuildFile; fileRef = D5149B8A261D7C7D005FFAB5 /* HomeViewModel.swift */; };
		D5149B8E261D7CDA005FFAB5 /* HomeScreen.swift in Sources */ = {isa = PBXBuildFile; fileRef = D5149B8D261D7CDA005FFAB5 /* HomeScreen.swift */; };
		D5149B91261D7D93005FFAB5 /* HomeCoordinator.swift in Sources */ = {isa = PBXBuildFile; fileRef = D5149B90261D7D93005FFAB5 /* HomeCoordinator.swift */; };
		D5149B9A261D814A005FFAB5 /* TabBarCoordinator.swift in Sources */ = {isa = PBXBuildFile; fileRef = D5149B99261D814A005FFAB5 /* TabBarCoordinator.swift */; };
		D5149B9F261D84A9005FFAB5 /* LoginViewController.swift in Sources */ = {isa = PBXBuildFile; fileRef = D5149B9D261D84A9005FFAB5 /* LoginViewController.swift */; };
		D5149BA0261D84A9005FFAB5 /* LoginViewController.xib in Resources */ = {isa = PBXBuildFile; fileRef = D5149B9E261D84A9005FFAB5 /* LoginViewController.xib */; };
		D5149BA3261D84C8005FFAB5 /* LoginViewModel.swift in Sources */ = {isa = PBXBuildFile; fileRef = D5149BA2261D84C8005FFAB5 /* LoginViewModel.swift */; };
		D5149BA6261D851C005FFAB5 /* LoginScreen.swift in Sources */ = {isa = PBXBuildFile; fileRef = D5149BA5261D851C005FFAB5 /* LoginScreen.swift */; };
		D5149BA9261D8560005FFAB5 /* LoginCoordinator.swift in Sources */ = {isa = PBXBuildFile; fileRef = D5149BA8261D8560005FFAB5 /* LoginCoordinator.swift */; };
		D5149BAE261D879E005FFAB5 /* Dummy1ViewController.swift in Sources */ = {isa = PBXBuildFile; fileRef = D5149BAC261D879E005FFAB5 /* Dummy1ViewController.swift */; };
		D5149BAF261D879E005FFAB5 /* Dummy1ViewController.xib in Resources */ = {isa = PBXBuildFile; fileRef = D5149BAD261D879E005FFAB5 /* Dummy1ViewController.xib */; };
		D5149BB4261D8804005FFAB5 /* Dummy1Screen.swift in Sources */ = {isa = PBXBuildFile; fileRef = D5149BB3261D8804005FFAB5 /* Dummy1Screen.swift */; };
		D5149BB8261D8838005FFAB5 /* Dummy2ViewController.swift in Sources */ = {isa = PBXBuildFile; fileRef = D5149BB6261D8838005FFAB5 /* Dummy2ViewController.swift */; };
		D5149BB9261D8838005FFAB5 /* Dummy2ViewController.xib in Resources */ = {isa = PBXBuildFile; fileRef = D5149BB7261D8838005FFAB5 /* Dummy2ViewController.xib */; };
		D5149BBD261D887C005FFAB5 /* Dummy3ViewController.swift in Sources */ = {isa = PBXBuildFile; fileRef = D5149BBB261D887C005FFAB5 /* Dummy3ViewController.swift */; };
		D5149BBE261D887C005FFAB5 /* Dummy3ViewController.xib in Resources */ = {isa = PBXBuildFile; fileRef = D5149BBC261D887C005FFAB5 /* Dummy3ViewController.xib */; };
		D5149BC1261D890A005FFAB5 /* Dummy2Screen.swift in Sources */ = {isa = PBXBuildFile; fileRef = D5149BC0261D890A005FFAB5 /* Dummy2Screen.swift */; };
		D5149BC4261D8927005FFAB5 /* Dummy3Screen.swift in Sources */ = {isa = PBXBuildFile; fileRef = D5149BC3261D8927005FFAB5 /* Dummy3Screen.swift */; };
		D5149BC7261D893A005FFAB5 /* DummyCoordinator.swift in Sources */ = {isa = PBXBuildFile; fileRef = D5149BC6261D893A005FFAB5 /* DummyCoordinator.swift */; };
/* End PBXBuildFile section */

/* Begin PBXFileReference section */
		D5149B4E261D75F9005FFAB5 /* MVVMC.app */ = {isa = PBXFileReference; explicitFileType = wrapper.application; includeInIndex = 0; path = MVVMC.app; sourceTree = BUILT_PRODUCTS_DIR; };
		D5149B51261D75F9005FFAB5 /* AppDelegate.swift */ = {isa = PBXFileReference; lastKnownFileType = sourcecode.swift; path = AppDelegate.swift; sourceTree = "<group>"; };
		D5149B5A261D75FC005FFAB5 /* Assets.xcassets */ = {isa = PBXFileReference; lastKnownFileType = folder.assetcatalog; path = Assets.xcassets; sourceTree = "<group>"; };
		D5149B5D261D75FC005FFAB5 /* Base */ = {isa = PBXFileReference; lastKnownFileType = file.storyboard; name = Base; path = Base.lproj/LaunchScreen.storyboard; sourceTree = "<group>"; };
		D5149B5F261D75FC005FFAB5 /* Info.plist */ = {isa = PBXFileReference; lastKnownFileType = text.plist.xml; path = Info.plist; sourceTree = "<group>"; };
		D5149B67261D7632005FFAB5 /* Router.swift */ = {isa = PBXFileReference; lastKnownFileType = sourcecode.swift; path = Router.swift; sourceTree = "<group>"; };
		D5149B6D261D76B7005FFAB5 /* AppCoordinator.swift */ = {isa = PBXFileReference; lastKnownFileType = sourcecode.swift; path = AppCoordinator.swift; sourceTree = "<group>"; };
		D5149B70261D76CD005FFAB5 /* Coordinator.swift */ = {isa = PBXFileReference; lastKnownFileType = sourcecode.swift; path = Coordinator.swift; sourceTree = "<group>"; };
		D5149B76261D77FF005FFAB5 /* Screen.swift */ = {isa = PBXFileReference; lastKnownFileType = sourcecode.swift; path = Screen.swift; sourceTree = "<group>"; };
		D5149B7A261D7A13005FFAB5 /* TabBarController.swift */ = {isa = PBXFileReference; lastKnownFileType = sourcecode.swift; path = TabBarController.swift; sourceTree = "<group>"; };
		D5149B85261D7BF7005FFAB5 /* HomeViewController.swift */ = {isa = PBXFileReference; lastKnownFileType = sourcecode.swift; path = HomeViewController.swift; sourceTree = "<group>"; };
		D5149B86261D7BF7005FFAB5 /* HomeViewController.xib */ = {isa = PBXFileReference; lastKnownFileType = file.xib; path = HomeViewController.xib; sourceTree = "<group>"; };
		D5149B8A261D7C7D005FFAB5 /* HomeViewModel.swift */ = {isa = PBXFileReference; lastKnownFileType = sourcecode.swift; path = HomeViewModel.swift; sourceTree = "<group>"; };
		D5149B8D261D7CDA005FFAB5 /* HomeScreen.swift */ = {isa = PBXFileReference; lastKnownFileType = sourcecode.swift; path = HomeScreen.swift; sourceTree = "<group>"; };
		D5149B90261D7D93005FFAB5 /* HomeCoordinator.swift */ = {isa = PBXFileReference; lastKnownFileType = sourcecode.swift; path = HomeCoordinator.swift; sourceTree = "<group>"; };
		D5149B99261D814A005FFAB5 /* TabBarCoordinator.swift */ = {isa = PBXFileReference; lastKnownFileType = sourcecode.swift; path = TabBarCoordinator.swift; sourceTree = "<group>"; };
		D5149B9D261D84A9005FFAB5 /* LoginViewController.swift */ = {isa = PBXFileReference; lastKnownFileType = sourcecode.swift; path = LoginViewController.swift; sourceTree = "<group>"; };
		D5149B9E261D84A9005FFAB5 /* LoginViewController.xib */ = {isa = PBXFileReference; lastKnownFileType = file.xib; path = LoginViewController.xib; sourceTree = "<group>"; };
		D5149BA2261D84C8005FFAB5 /* LoginViewModel.swift */ = {isa = PBXFileReference; lastKnownFileType = sourcecode.swift; path = LoginViewModel.swift; sourceTree = "<group>"; };
		D5149BA5261D851C005FFAB5 /* LoginScreen.swift */ = {isa = PBXFileReference; lastKnownFileType = sourcecode.swift; path = LoginScreen.swift; sourceTree = "<group>"; };
		D5149BA8261D8560005FFAB5 /* LoginCoordinator.swift */ = {isa = PBXFileReference; lastKnownFileType = sourcecode.swift; path = LoginCoordinator.swift; sourceTree = "<group>"; };
		D5149BAC261D879E005FFAB5 /* Dummy1ViewController.swift */ = {isa = PBXFileReference; lastKnownFileType = sourcecode.swift; path = Dummy1ViewController.swift; sourceTree = "<group>"; };
		D5149BAD261D879E005FFAB5 /* Dummy1ViewController.xib */ = {isa = PBXFileReference; lastKnownFileType = file.xib; path = Dummy1ViewController.xib; sourceTree = "<group>"; };
		D5149BB3261D8804005FFAB5 /* Dummy1Screen.swift */ = {isa = PBXFileReference; lastKnownFileType = sourcecode.swift; path = Dummy1Screen.swift; sourceTree = "<group>"; };
		D5149BB6261D8838005FFAB5 /* Dummy2ViewController.swift */ = {isa = PBXFileReference; lastKnownFileType = sourcecode.swift; path = Dummy2ViewController.swift; sourceTree = "<group>"; };
		D5149BB7261D8838005FFAB5 /* Dummy2ViewController.xib */ = {isa = PBXFileReference; lastKnownFileType = file.xib; path = Dummy2ViewController.xib; sourceTree = "<group>"; };
		D5149BBB261D887C005FFAB5 /* Dummy3ViewController.swift */ = {isa = PBXFileReference; lastKnownFileType = sourcecode.swift; path = Dummy3ViewController.swift; sourceTree = "<group>"; };
		D5149BBC261D887C005FFAB5 /* Dummy3ViewController.xib */ = {isa = PBXFileReference; lastKnownFileType = file.xib; path = Dummy3ViewController.xib; sourceTree = "<group>"; };
		D5149BC0261D890A005FFAB5 /* Dummy2Screen.swift */ = {isa = PBXFileReference; lastKnownFileType = sourcecode.swift; path = Dummy2Screen.swift; sourceTree = "<group>"; };
		D5149BC3261D8927005FFAB5 /* Dummy3Screen.swift */ = {isa = PBXFileReference; lastKnownFileType = sourcecode.swift; path = Dummy3Screen.swift; sourceTree = "<group>"; };
		D5149BC6261D893A005FFAB5 /* DummyCoordinator.swift */ = {isa = PBXFileReference; lastKnownFileType = sourcecode.swift; path = DummyCoordinator.swift; sourceTree = "<group>"; };
/* End PBXFileReference section */

/* Begin PBXFrameworksBuildPhase section */
		D5149B4B261D75F9005FFAB5 /* Frameworks */ = {
			isa = PBXFrameworksBuildPhase;
			buildActionMask = 2147483647;
			files = (
			);
			runOnlyForDeploymentPostprocessing = 0;
		};
/* End PBXFrameworksBuildPhase section */

/* Begin PBXGroup section */
		D5149B45261D75F9005FFAB5 = {
			isa = PBXGroup;
			children = (
				D5149B50261D75F9005FFAB5 /* MVVMC */,
				D5149B4F261D75F9005FFAB5 /* Products */,
			);
			sourceTree = "<group>";
		};
		D5149B4F261D75F9005FFAB5 /* Products */ = {
			isa = PBXGroup;
			children = (
				D5149B4E261D75F9005FFAB5 /* MVVMC.app */,
			);
			name = Products;
			sourceTree = "<group>";
		};
		D5149B50261D75F9005FFAB5 /* MVVMC */ = {
			isa = PBXGroup;
			children = (
				D5149B51261D75F9005FFAB5 /* AppDelegate.swift */,
				D5149B67261D7632005FFAB5 /* Router.swift */,
				D5149B75261D77F3005FFAB5 /* Protocol */,
				D5149B6C261D76A6005FFAB5 /* Coordinator */,
				D5149B79261D79FF005FFAB5 /* Screen */,
				D5149B5A261D75FC005FFAB5 /* Assets.xcassets */,
				D5149B5C261D75FC005FFAB5 /* LaunchScreen.storyboard */,
				D5149B5F261D75FC005FFAB5 /* Info.plist */,
			);
			path = MVVMC;
			sourceTree = "<group>";
		};
		D5149B6C261D76A6005FFAB5 /* Coordinator */ = {
			isa = PBXGroup;
			children = (
				D5149B6D261D76B7005FFAB5 /* AppCoordinator.swift */,
				D5149B99261D814A005FFAB5 /* TabBarCoordinator.swift */,
				D5149B90261D7D93005FFAB5 /* HomeCoordinator.swift */,
				D5149BA8261D8560005FFAB5 /* LoginCoordinator.swift */,
				D5149BC6261D893A005FFAB5 /* DummyCoordinator.swift */,
			);
			path = Coordinator;
			sourceTree = "<group>";
		};
		D5149B75261D77F3005FFAB5 /* Protocol */ = {
			isa = PBXGroup;
			children = (
				D5149B70261D76CD005FFAB5 /* Coordinator.swift */,
				D5149B76261D77FF005FFAB5 /* Screen.swift */,
			);
			path = Protocol;
			sourceTree = "<group>";
		};
		D5149B79261D79FF005FFAB5 /* Screen */ = {
			isa = PBXGroup;
			children = (
				D5149BAB261D877A005FFAB5 /* Dummy */,
				D5149B9C261D848F005FFAB5 /* Login */,
				D5149B80261D7B3B005FFAB5 /* Home */,
				D5149B7E261D7A19005FFAB5 /* TabBar */,
			);
			path = Screen;
			sourceTree = "<group>";
		};
		D5149B7E261D7A19005FFAB5 /* TabBar */ = {
			isa = PBXGroup;
			children = (
				D5149B7A261D7A13005FFAB5 /* TabBarController.swift */,
			);
			path = TabBar;
			sourceTree = "<group>";
		};
		D5149B80261D7B3B005FFAB5 /* Home */ = {
			isa = PBXGroup;
			children = (
				D5149B85261D7BF7005FFAB5 /* HomeViewController.swift */,
				D5149B8A261D7C7D005FFAB5 /* HomeViewModel.swift */,
				D5149B86261D7BF7005FFAB5 /* HomeViewController.xib */,
				D5149B8D261D7CDA005FFAB5 /* HomeScreen.swift */,
			);
			path = Home;
			sourceTree = "<group>";
		};
		D5149B9C261D848F005FFAB5 /* Login */ = {
			isa = PBXGroup;
			children = (
				D5149B9D261D84A9005FFAB5 /* LoginViewController.swift */,
				D5149BA2261D84C8005FFAB5 /* LoginViewModel.swift */,
				D5149B9E261D84A9005FFAB5 /* LoginViewController.xib */,
				D5149BA5261D851C005FFAB5 /* LoginScreen.swift */,
			);
			path = Login;
			sourceTree = "<group>";
		};
		D5149BAB261D877A005FFAB5 /* Dummy */ = {
			isa = PBXGroup;
			children = (
				D5149BAC261D879E005FFAB5 /* Dummy1ViewController.swift */,
				D5149BB3261D8804005FFAB5 /* Dummy1Screen.swift */,
				D5149BAD261D879E005FFAB5 /* Dummy1ViewController.xib */,
				D5149BB6261D8838005FFAB5 /* Dummy2ViewController.swift */,
				D5149BC0261D890A005FFAB5 /* Dummy2Screen.swift */,
				D5149BB7261D8838005FFAB5 /* Dummy2ViewController.xib */,
				D5149BBB261D887C005FFAB5 /* Dummy3ViewController.swift */,
				D5149BC3261D8927005FFAB5 /* Dummy3Screen.swift */,
				D5149BBC261D887C005FFAB5 /* Dummy3ViewController.xib */,
			);
			path = Dummy;
			sourceTree = "<group>";
		};
/* End PBXGroup section */

/* Begin PBXNativeTarget section */
		D5149B4D261D75F9005FFAB5 /* MVVMC */ = {
			isa = PBXNativeTarget;
			buildConfigurationList = D5149B62261D75FC005FFAB5 /* Build configuration list for PBXNativeTarget "MVVMC" */;
			buildPhases = (
				D5149B4A261D75F9005FFAB5 /* Sources */,
				D5149B4B261D75F9005FFAB5 /* Frameworks */,
				D5149B4C261D75F9005FFAB5 /* Resources */,
			);
			buildRules = (
			);
			dependencies = (
			);
			name = MVVMC;
			productName = MVVMC;
			productReference = D5149B4E261D75F9005FFAB5 /* MVVMC.app */;
			productType = "com.apple.product-type.application";
		};
/* End PBXNativeTarget section */

/* Begin PBXProject section */
		D5149B46261D75F9005FFAB5 /* Project object */ = {
			isa = PBXProject;
			attributes = {
				LastSwiftUpdateCheck = 1240;
				LastUpgradeCheck = 1240;
				TargetAttributes = {
					D5149B4D261D75F9005FFAB5 = {
						CreatedOnToolsVersion = 12.4;
					};
				};
			};
			buildConfigurationList = D5149B49261D75F9005FFAB5 /* Build configuration list for PBXProject "MVVMC" */;
			compatibilityVersion = "Xcode 9.3";
			developmentRegion = en;
			hasScannedForEncodings = 0;
			knownRegions = (
				en,
				Base,
			);
			mainGroup = D5149B45261D75F9005FFAB5;
			productRefGroup = D5149B4F261D75F9005FFAB5 /* Products */;
			projectDirPath = "";
			projectRoot = "";
			targets = (
				D5149B4D261D75F9005FFAB5 /* MVVMC */,
			);
		};
/* End PBXProject section */

/* Begin PBXResourcesBuildPhase section */
		D5149B4C261D75F9005FFAB5 /* Resources */ = {
			isa = PBXResourcesBuildPhase;
			buildActionMask = 2147483647;
			files = (
				D5149BAF261D879E005FFAB5 /* Dummy1ViewController.xib in Resources */,
				D5149BA0261D84A9005FFAB5 /* LoginViewController.xib in Resources */,
				D5149BB9261D8838005FFAB5 /* Dummy2ViewController.xib in Resources */,
				D5149BBE261D887C005FFAB5 /* Dummy3ViewController.xib in Resources */,
				D5149B5E261D75FC005FFAB5 /* LaunchScreen.storyboard in Resources */,
				D5149B5B261D75FC005FFAB5 /* Assets.xcassets in Resources */,
				D5149B88261D7BF7005FFAB5 /* HomeViewController.xib in Resources */,
			);
			runOnlyForDeploymentPostprocessing = 0;
		};
/* End PBXResourcesBuildPhase section */

/* Begin PBXSourcesBuildPhase section */
		D5149B4A261D75F9005FFAB5 /* Sources */ = {
			isa = PBXSourcesBuildPhase;
			buildActionMask = 2147483647;
			files = (
				D5149B9F261D84A9005FFAB5 /* LoginViewController.swift in Sources */,
				D5149BAE261D879E005FFAB5 /* Dummy1ViewController.swift in Sources */,
				D5149B77261D77FF005FFAB5 /* Screen.swift in Sources */,
				D5149BBD261D887C005FFAB5 /* Dummy3ViewController.swift in Sources */,
				D5149B71261D76CD005FFAB5 /* Coordinator.swift in Sources */,
				D5149B6E261D76B7005FFAB5 /* AppCoordinator.swift in Sources */,
				D5149B8B261D7C7D005FFAB5 /* HomeViewModel.swift in Sources */,
				D5149B7B261D7A13005FFAB5 /* TabBarController.swift in Sources */,
				D5149B8E261D7CDA005FFAB5 /* HomeScreen.swift in Sources */,
				D5149BB8261D8838005FFAB5 /* Dummy2ViewController.swift in Sources */,
				D5149B9A261D814A005FFAB5 /* TabBarCoordinator.swift in Sources */,
				D5149BC7261D893A005FFAB5 /* DummyCoordinator.swift in Sources */,
				D5149BB4261D8804005FFAB5 /* Dummy1Screen.swift in Sources */,
				D5149BA3261D84C8005FFAB5 /* LoginViewModel.swift in Sources */,
				D5149B68261D7632005FFAB5 /* Router.swift in Sources */,
				D5149B91261D7D93005FFAB5 /* HomeCoordinator.swift in Sources */,
				D5149BC1261D890A005FFAB5 /* Dummy2Screen.swift in Sources */,
				D5149BA6261D851C005FFAB5 /* LoginScreen.swift in Sources */,
				D5149BC4261D8927005FFAB5 /* Dummy3Screen.swift in Sources */,
				D5149BA9261D8560005FFAB5 /* LoginCoordinator.swift in Sources */,
				D5149B87261D7BF7005FFAB5 /* HomeViewController.swift in Sources */,
				D5149B52261D75F9005FFAB5 /* AppDelegate.swift in Sources */,
			);
			runOnlyForDeploymentPostprocessing = 0;
		};
/* End PBXSourcesBuildPhase section */

/* Begin PBXVariantGroup section */
		D5149B5C261D75FC005FFAB5 /* LaunchScreen.storyboard */ = {
			isa = PBXVariantGroup;
			children = (
				D5149B5D261D75FC005FFAB5 /* Base */,
			);
			name = LaunchScreen.storyboard;
			sourceTree = "<group>";
		};
/* End PBXVariantGroup section */

/* Begin XCBuildConfiguration section */
		D5149B60261D75FC005FFAB5 /* Debug */ = {
			isa = XCBuildConfiguration;
			buildSettings = {
				ALWAYS_SEARCH_USER_PATHS = NO;
				CLANG_ANALYZER_NONNULL = YES;
				CLANG_ANALYZER_NUMBER_OBJECT_CONVERSION = YES_AGGRESSIVE;
				CLANG_CXX_LANGUAGE_STANDARD = "gnu++14";
				CLANG_CXX_LIBRARY = "libc++";
				CLANG_ENABLE_MODULES = YES;
				CLANG_ENABLE_OBJC_ARC = YES;
				CLANG_ENABLE_OBJC_WEAK = YES;
				CLANG_WARN_BLOCK_CAPTURE_AUTORELEASING = YES;
				CLANG_WARN_BOOL_CONVERSION = YES;
				CLANG_WARN_COMMA = YES;
				CLANG_WARN_CONSTANT_CONVERSION = YES;
				CLANG_WARN_DEPRECATED_OBJC_IMPLEMENTATIONS = YES;
				CLANG_WARN_DIRECT_OBJC_ISA_USAGE = YES_ERROR;
				CLANG_WARN_DOCUMENTATION_COMMENTS = YES;
				CLANG_WARN_EMPTY_BODY = YES;
				CLANG_WARN_ENUM_CONVERSION = YES;
				CLANG_WARN_INFINITE_RECURSION = YES;
				CLANG_WARN_INT_CONVERSION = YES;
				CLANG_WARN_NON_LITERAL_NULL_CONVERSION = YES;
				CLANG_WARN_OBJC_IMPLICIT_RETAIN_SELF = YES;
				CLANG_WARN_OBJC_LITERAL_CONVERSION = YES;
				CLANG_WARN_OBJC_ROOT_CLASS = YES_ERROR;
				CLANG_WARN_QUOTED_INCLUDE_IN_FRAMEWORK_HEADER = YES;
				CLANG_WARN_RANGE_LOOP_ANALYSIS = YES;
				CLANG_WARN_STRICT_PROTOTYPES = YES;
				CLANG_WARN_SUSPICIOUS_MOVE = YES;
				CLANG_WARN_UNGUARDED_AVAILABILITY = YES_AGGRESSIVE;
				CLANG_WARN_UNREACHABLE_CODE = YES;
				CLANG_WARN__DUPLICATE_METHOD_MATCH = YES;
				COPY_PHASE_STRIP = NO;
				DEBUG_INFORMATION_FORMAT = dwarf;
				ENABLE_STRICT_OBJC_MSGSEND = YES;
				ENABLE_TESTABILITY = YES;
				GCC_C_LANGUAGE_STANDARD = gnu11;
				GCC_DYNAMIC_NO_PIC = NO;
				GCC_NO_COMMON_BLOCKS = YES;
				GCC_OPTIMIZATION_LEVEL = 0;
				GCC_PREPROCESSOR_DEFINITIONS = (
					"DEBUG=1",
					"$(inherited)",
				);
				GCC_WARN_64_TO_32_BIT_CONVERSION = YES;
				GCC_WARN_ABOUT_RETURN_TYPE = YES_ERROR;
				GCC_WARN_UNDECLARED_SELECTOR = YES;
				GCC_WARN_UNINITIALIZED_AUTOS = YES_AGGRESSIVE;
				GCC_WARN_UNUSED_FUNCTION = YES;
				GCC_WARN_UNUSED_VARIABLE = YES;
				IPHONEOS_DEPLOYMENT_TARGET = 11.0;
				MTL_ENABLE_DEBUG_INFO = INCLUDE_SOURCE;
				MTL_FAST_MATH = YES;
				ONLY_ACTIVE_ARCH = YES;
				SDKROOT = iphoneos;
				SWIFT_ACTIVE_COMPILATION_CONDITIONS = DEBUG;
				SWIFT_OPTIMIZATION_LEVEL = "-Onone";
			};
			name = Debug;
		};
		D5149B61261D75FC005FFAB5 /* Release */ = {
			isa = XCBuildConfiguration;
			buildSettings = {
				ALWAYS_SEARCH_USER_PATHS = NO;
				CLANG_ANALYZER_NONNULL = YES;
				CLANG_ANALYZER_NUMBER_OBJECT_CONVERSION = YES_AGGRESSIVE;
				CLANG_CXX_LANGUAGE_STANDARD = "gnu++14";
				CLANG_CXX_LIBRARY = "libc++";
				CLANG_ENABLE_MODULES = YES;
				CLANG_ENABLE_OBJC_ARC = YES;
				CLANG_ENABLE_OBJC_WEAK = YES;
				CLANG_WARN_BLOCK_CAPTURE_AUTORELEASING = YES;
				CLANG_WARN_BOOL_CONVERSION = YES;
				CLANG_WARN_COMMA = YES;
				CLANG_WARN_CONSTANT_CONVERSION = YES;
				CLANG_WARN_DEPRECATED_OBJC_IMPLEMENTATIONS = YES;
				CLANG_WARN_DIRECT_OBJC_ISA_USAGE = YES_ERROR;
				CLANG_WARN_DOCUMENTATION_COMMENTS = YES;
				CLANG_WARN_EMPTY_BODY = YES;
				CLANG_WARN_ENUM_CONVERSION = YES;
				CLANG_WARN_INFINITE_RECURSION = YES;
				CLANG_WARN_INT_CONVERSION = YES;
				CLANG_WARN_NON_LITERAL_NULL_CONVERSION = YES;
				CLANG_WARN_OBJC_IMPLICIT_RETAIN_SELF = YES;
				CLANG_WARN_OBJC_LITERAL_CONVERSION = YES;
				CLANG_WARN_OBJC_ROOT_CLASS = YES_ERROR;
				CLANG_WARN_QUOTED_INCLUDE_IN_FRAMEWORK_HEADER = YES;
				CLANG_WARN_RANGE_LOOP_ANALYSIS = YES;
				CLANG_WARN_STRICT_PROTOTYPES = YES;
				CLANG_WARN_SUSPICIOUS_MOVE = YES;
				CLANG_WARN_UNGUARDED_AVAILABILITY = YES_AGGRESSIVE;
				CLANG_WARN_UNREACHABLE_CODE = YES;
				CLANG_WARN__DUPLICATE_METHOD_MATCH = YES;
				COPY_PHASE_STRIP = NO;
				DEBUG_INFORMATION_FORMAT = "dwarf-with-dsym";
				ENABLE_NS_ASSERTIONS = NO;
				ENABLE_STRICT_OBJC_MSGSEND = YES;
				GCC_C_LANGUAGE_STANDARD = gnu11;
				GCC_NO_COMMON_BLOCKS = YES;
				GCC_WARN_64_TO_32_BIT_CONVERSION = YES;
				GCC_WARN_ABOUT_RETURN_TYPE = YES_ERROR;
				GCC_WARN_UNDECLARED_SELECTOR = YES;
				GCC_WARN_UNINITIALIZED_AUTOS = YES_AGGRESSIVE;
				GCC_WARN_UNUSED_FUNCTION = YES;
				GCC_WARN_UNUSED_VARIABLE = YES;
				IPHONEOS_DEPLOYMENT_TARGET = 11.0;
				MTL_ENABLE_DEBUG_INFO = NO;
				MTL_FAST_MATH = YES;
				SDKROOT = iphoneos;
				SWIFT_COMPILATION_MODE = wholemodule;
				SWIFT_OPTIMIZATION_LEVEL = "-O";
				VALIDATE_PRODUCT = YES;
			};
			name = Release;
		};
		D5149B63261D75FC005FFAB5 /* Debug */ = {
			isa = XCBuildConfiguration;
			buildSettings = {
				ASSETCATALOG_COMPILER_APPICON_NAME = AppIcon;
				ASSETCATALOG_COMPILER_GLOBAL_ACCENT_COLOR_NAME = AccentColor;
				CODE_SIGN_STYLE = Automatic;
				INFOPLIST_FILE = MVVMC/Info.plist;
				LD_RUNPATH_SEARCH_PATHS = (
					"$(inherited)",
					"@executable_path/Frameworks",
				);
				PRODUCT_BUNDLE_IDENTIFIER = com.aiwiguna.MVVMC;
				PRODUCT_NAME = "$(TARGET_NAME)";
				SWIFT_VERSION = 5.0;
				TARGETED_DEVICE_FAMILY = "1,2";
			};
			name = Debug;
		};
		D5149B64261D75FC005FFAB5 /* Release */ = {
			isa = XCBuildConfiguration;
			buildSettings = {
				ASSETCATALOG_COMPILER_APPICON_NAME = AppIcon;
				ASSETCATALOG_COMPILER_GLOBAL_ACCENT_COLOR_NAME = AccentColor;
				CODE_SIGN_STYLE = Automatic;
				INFOPLIST_FILE = MVVMC/Info.plist;
				LD_RUNPATH_SEARCH_PATHS = (
					"$(inherited)",
					"@executable_path/Frameworks",
				);
				PRODUCT_BUNDLE_IDENTIFIER = com.aiwiguna.MVVMC;
				PRODUCT_NAME = "$(TARGET_NAME)";
				SWIFT_VERSION = 5.0;
				TARGETED_DEVICE_FAMILY = "1,2";
			};
			name = Release;
		};
/* End XCBuildConfiguration section */

/* Begin XCConfigurationList section */
		D5149B49261D75F9005FFAB5 /* Build configuration list for PBXProject "MVVMC" */ = {
			isa = XCConfigurationList;
			buildConfigurations = (
				D5149B60261D75FC005FFAB5 /* Debug */,
				D5149B61261D75FC005FFAB5 /* Release */,
			);
			defaultConfigurationIsVisible = 0;
			defaultConfigurationName = Release;
		};
		D5149B62261D75FC005FFAB5 /* Build configuration list for PBXNativeTarget "MVVMC" */ = {
			isa = XCConfigurationList;
			buildConfigurations = (
				D5149B63261D75FC005FFAB5 /* Debug */,
				D5149B64261D75FC005FFAB5 /* Release */,
			);
			defaultConfigurationIsVisible = 0;
			defaultConfigurationName = Release;
		};
/* End XCConfigurationList section */
	};
	rootObject = D5149B46261D75F9005FFAB5 /* Project object */;
}
